PODS:
  - Alamofire (5.5.0)
  - AlamofireImage (4.2.0):
    - Alamofire (~> 5.4)
  - PTCardTabBar (1.0.2)

DEPENDENCIES:
  - AlamofireImage
  - PTCardTabBar

SPEC REPOS:
  trunk:
    - Alamofire
    - AlamofireImage
    - PTCardTabBar

SPEC CHECKSUMS:
  Alamofire: 1c4fb5369c3fe93d2857c780d8bbe09f06f97e7c
  AlamofireImage: 34a2d90b0e5fe6a5605f85ae4b7b01e784c60192
  PTCardTabBar: 9f94e31b447629aead75cd21cdaa6ae1f2c8bac6

PODFILE CHECKSUM: 8274ba49091fa0d40358d13572cd1b41e1546bf2

COCOAPODS: 1.10.1
