PODS:
  - Alamofire (4.9.1)
  - AlamofireImage (3.6.0):
    - Alamofire (~> 4.9)
  - PTCardTabBar (1.0.1)

DEPENDENCIES:
  - AlamofireImage
  - PTCardTabBar

SPEC REPOS:
  trunk:
    - Alamofire
    - AlamofireImage
    - PTCardTabBar

SPEC CHECKSUMS:
  Alamofire: 85e8a02c69d6020a0d734f6054870d7ecb75cf18
  AlamofireImage: be9963c6582d68b39e89191f64c82a7d7bf40fdd
  PTCardTabBar: 9112a6d4eb2b73da9cf4e7f3aefe04504479cf98

PODFILE CHECKSUM: beec3570b165d30f316c1a0e2a4ebae2f378335f

COCOAPODS: 1.8.4
