PODS:
  - Alamofire (5.9.1)
  - AlamofireImage (4.3.0):
    - Alamofire (~> 5.8)
  - PTCardTabBar (1.0.2)

DEPENDENCIES:
  - AlamofireImage
  - PTCardTabBar

SPEC REPOS:
  trunk:
    - Alamofire
    - AlamofireImage
    - PTCardTabBar

SPEC CHECKSUMS:
  Alamofire: f36a35757af4587d8e4f4bfa223ad10be2422b8c
  AlamofireImage: 843953fa97bee5f561cf05d83abd759e590b068d
  PTCardTabBar: 9f94e31b447629aead75cd21cdaa6ae1f2c8bac6

PODFILE CHECKSUM: 8274ba49091fa0d40358d13572cd1b41e1546bf2

COCOAPODS: 1.15.2
