// !$*UTF8*$!
{
	archiveVersion = 1;
	classes = {
	};
	objectVersion = 51;
	objects = {

/* Begin PBXBuildFile section */
		DE623AAC238D6F3A0049BF21 /* AppDelegate.swift in Sources */ = {isa = PBXBuildFile; fileRef = DE623AAB238D6F3A0049BF21 /* AppDelegate.swift */; };
		DE623AAE238D6F3A0049BF21 /* SceneDelegate.swift in Sources */ = {isa = PBXBuildFile; fileRef = DE623AAD238D6F3A0049BF21 /* SceneDelegate.swift */; };
		DE623AB0238D6F3A0049BF21 /* MainViewController.swift in Sources */ = {isa = PBXBuildFile; fileRef = DE623AAF238D6F3A0049BF21 /* MainViewController.swift */; };
		DE623AB3238D6F3A0049BF21 /* Main.storyboard in Resources */ = {isa = PBXBuildFile; fileRef = DE623AB1238D6F3A0049BF21 /* Main.storyboard */; };
		DE623AB5238D6F3D0049BF21 /* Assets.xcassets in Resources */ = {isa = PBXBuildFile; fileRef = DE623AB4238D6F3D0049BF21 /* Assets.xcassets */; };
		DE623AB8238D6F3D0049BF21 /* LaunchScreen.storyboard in Resources */ = {isa = PBXBuildFile; fileRef = DE623AB6238D6F3D0049BF21 /* LaunchScreen.storyboard */; };
		DE623AC3238D6F3D0049BF21 /* DiffableDataSourceExampleTests.swift in Sources */ = {isa = PBXBuildFile; fileRef = DE623AC2238D6F3D0049BF21 /* DiffableDataSourceExampleTests.swift */; };
		DE623ACE238D6F3D0049BF21 /* DiffableDataSourceExampleUITests.swift in Sources */ = {isa = PBXBuildFile; fileRef = DE623ACD238D6F3D0049BF21 /* DiffableDataSourceExampleUITests.swift */; };
		DE695C7B238EC21E00A13CD4 /* APIRequestManager.swift in Sources */ = {isa = PBXBuildFile; fileRef = DE695C7A238EC21E00A13CD4 /* APIRequestManager.swift */; };
		DE695C7E238EEA5100A13CD4 /* ArticleTableViewCell.swift in Sources */ = {isa = PBXBuildFile; fileRef = DE695C7C238EEA5100A13CD4 /* ArticleTableViewCell.swift */; };
		DE695C7F238EEA5100A13CD4 /* ArticleTableViewCell.xib in Resources */ = {isa = PBXBuildFile; fileRef = DE695C7D238EEA5100A13CD4 /* ArticleTableViewCell.xib */; };
		DE695C82238F43B500A13CD4 /* MainCollectionViewCell.swift in Sources */ = {isa = PBXBuildFile; fileRef = DE695C80238F43B500A13CD4 /* MainCollectionViewCell.swift */; };
		DE695C83238F43B500A13CD4 /* MainCollectionViewCell.xib in Resources */ = {isa = PBXBuildFile; fileRef = DE695C81238F43B500A13CD4 /* MainCollectionViewCell.xib */; };
		DED6F1E3238D73FC00A0168E /* GlobalTabBar.storyboard in Resources */ = {isa = PBXBuildFile; fileRef = DED6F1E1238D73FC00A0168E /* GlobalTabBar.storyboard */; };
		DED6F1E6238D743600A0168E /* Article.storyboard in Resources */ = {isa = PBXBuildFile; fileRef = DED6F1E4238D743600A0168E /* Article.storyboard */; };
		DED6F1E9238D748500A0168E /* ArticleViewController.swift in Sources */ = {isa = PBXBuildFile; fileRef = DED6F1E8238D748500A0168E /* ArticleViewController.swift */; };
		DED6F1EF238D754F00A0168E /* Detail.storyboard in Resources */ = {isa = PBXBuildFile; fileRef = DED6F1ED238D754F00A0168E /* Detail.storyboard */; };
		DED6F1F1238D756500A0168E /* DetailViewController.swift in Sources */ = {isa = PBXBuildFile; fileRef = DED6F1F0238D756500A0168E /* DetailViewController.swift */; };
		DED6F1FA238D7F7500A0168E /* NSObjectProtocolExtension.swift in Sources */ = {isa = PBXBuildFile; fileRef = DED6F1F9238D7F7500A0168E /* NSObjectProtocolExtension.swift */; };
		DED6F1FC238D7F9C00A0168E /* UIColorExtension.swift in Sources */ = {isa = PBXBuildFile; fileRef = DED6F1FB238D7F9C00A0168E /* UIColorExtension.swift */; };
		DED6F1FE238D7FBA00A0168E /* UICollectionViewExtension.swift in Sources */ = {isa = PBXBuildFile; fileRef = DED6F1FD238D7FBA00A0168E /* UICollectionViewExtension.swift */; };
		DED6F200238D7FED00A0168E /* UIViewControllerExtension.swift in Sources */ = {isa = PBXBuildFile; fileRef = DED6F1FF238D7FED00A0168E /* UIViewControllerExtension.swift */; };
		DED6F202238D803D00A0168E /* UITableViewExtension.swift in Sources */ = {isa = PBXBuildFile; fileRef = DED6F201238D803D00A0168E /* UITableViewExtension.swift */; };
		DED6F204238D930C00A0168E /* StoryboardInstantiatable.swift in Sources */ = {isa = PBXBuildFile; fileRef = DED6F203238D930C00A0168E /* StoryboardInstantiatable.swift */; };
		ECF8F271F27E54045E8F5E79 /* Pods_DiffableDataSourceExample.framework in Frameworks */ = {isa = PBXBuildFile; fileRef = 8CF5D73ABC19C2DD1A4AC817 /* Pods_DiffableDataSourceExample.framework */; };
/* End PBXBuildFile section */

/* Begin PBXContainerItemProxy section */
		DE623ABF238D6F3D0049BF21 /* PBXContainerItemProxy */ = {
			isa = PBXContainerItemProxy;
			containerPortal = DE623AA0238D6F3A0049BF21 /* Project object */;
			proxyType = 1;
			remoteGlobalIDString = DE623AA7238D6F3A0049BF21;
			remoteInfo = DiffableDataSourceExample;
		};
		DE623ACA238D6F3D0049BF21 /* PBXContainerItemProxy */ = {
			isa = PBXContainerItemProxy;
			containerPortal = DE623AA0238D6F3A0049BF21 /* Project object */;
			proxyType = 1;
			remoteGlobalIDString = DE623AA7238D6F3A0049BF21;
			remoteInfo = DiffableDataSourceExample;
		};
/* End PBXContainerItemProxy section */

/* Begin PBXFileReference section */
		20565A5EF1E23290AF57AF1E /* Pods-DiffableDataSourceExample.debug.xcconfig */ = {isa = PBXFileReference; includeInIndex = 1; lastKnownFileType = text.xcconfig; name = "Pods-DiffableDataSourceExample.debug.xcconfig"; path = "Target Support Files/Pods-DiffableDataSourceExample/Pods-DiffableDataSourceExample.debug.xcconfig"; sourceTree = "<group>"; };
		5E0005A4CEE693C72FC25CB4 /* Pods-DiffableDataSourceExample.release.xcconfig */ = {isa = PBXFileReference; includeInIndex = 1; lastKnownFileType = text.xcconfig; name = "Pods-DiffableDataSourceExample.release.xcconfig"; path = "Target Support Files/Pods-DiffableDataSourceExample/Pods-DiffableDataSourceExample.release.xcconfig"; sourceTree = "<group>"; };
		8CF5D73ABC19C2DD1A4AC817 /* Pods_DiffableDataSourceExample.framework */ = {isa = PBXFileReference; explicitFileType = wrapper.framework; includeInIndex = 0; path = Pods_DiffableDataSourceExample.framework; sourceTree = BUILT_PRODUCTS_DIR; };
		DE623AA8238D6F3A0049BF21 /* DiffableDataSourceExample.app */ = {isa = PBXFileReference; explicitFileType = wrapper.application; includeInIndex = 0; path = DiffableDataSourceExample.app; sourceTree = BUILT_PRODUCTS_DIR; };
		DE623AAB238D6F3A0049BF21 /* AppDelegate.swift */ = {isa = PBXFileReference; lastKnownFileType = sourcecode.swift; path = AppDelegate.swift; sourceTree = "<group>"; };
		DE623AAD238D6F3A0049BF21 /* SceneDelegate.swift */ = {isa = PBXFileReference; lastKnownFileType = sourcecode.swift; path = SceneDelegate.swift; sourceTree = "<group>"; };
		DE623AAF238D6F3A0049BF21 /* MainViewController.swift */ = {isa = PBXFileReference; lastKnownFileType = sourcecode.swift; path = MainViewController.swift; sourceTree = "<group>"; };
		DE623AB2238D6F3A0049BF21 /* Base */ = {isa = PBXFileReference; lastKnownFileType = file.storyboard; name = Base; path = Base.lproj/Main.storyboard; sourceTree = "<group>"; };
		DE623AB4238D6F3D0049BF21 /* Assets.xcassets */ = {isa = PBXFileReference; lastKnownFileType = folder.assetcatalog; path = Assets.xcassets; sourceTree = "<group>"; };
		DE623AB7238D6F3D0049BF21 /* Base */ = {isa = PBXFileReference; lastKnownFileType = file.storyboard; name = Base; path = Base.lproj/LaunchScreen.storyboard; sourceTree = "<group>"; };
		DE623AB9238D6F3D0049BF21 /* Info.plist */ = {isa = PBXFileReference; lastKnownFileType = text.plist.xml; path = Info.plist; sourceTree = "<group>"; };
		DE623ABE238D6F3D0049BF21 /* DiffableDataSourceExampleTests.xctest */ = {isa = PBXFileReference; explicitFileType = wrapper.cfbundle; includeInIndex = 0; path = DiffableDataSourceExampleTests.xctest; sourceTree = BUILT_PRODUCTS_DIR; };
		DE623AC2238D6F3D0049BF21 /* DiffableDataSourceExampleTests.swift */ = {isa = PBXFileReference; lastKnownFileType = sourcecode.swift; path = DiffableDataSourceExampleTests.swift; sourceTree = "<group>"; };
		DE623AC4238D6F3D0049BF21 /* Info.plist */ = {isa = PBXFileReference; lastKnownFileType = text.plist.xml; path = Info.plist; sourceTree = "<group>"; };
		DE623AC9238D6F3D0049BF21 /* DiffableDataSourceExampleUITests.xctest */ = {isa = PBXFileReference; explicitFileType = wrapper.cfbundle; includeInIndex = 0; path = DiffableDataSourceExampleUITests.xctest; sourceTree = BUILT_PRODUCTS_DIR; };
		DE623ACD238D6F3D0049BF21 /* DiffableDataSourceExampleUITests.swift */ = {isa = PBXFileReference; lastKnownFileType = sourcecode.swift; path = DiffableDataSourceExampleUITests.swift; sourceTree = "<group>"; };
		DE623ACF238D6F3D0049BF21 /* Info.plist */ = {isa = PBXFileReference; lastKnownFileType = text.plist.xml; path = Info.plist; sourceTree = "<group>"; };
		DE695C7A238EC21E00A13CD4 /* APIRequestManager.swift */ = {isa = PBXFileReference; lastKnownFileType = sourcecode.swift; path = APIRequestManager.swift; sourceTree = "<group>"; };
		DE695C7C238EEA5100A13CD4 /* ArticleTableViewCell.swift */ = {isa = PBXFileReference; lastKnownFileType = sourcecode.swift; path = ArticleTableViewCell.swift; sourceTree = "<group>"; };
		DE695C7D238EEA5100A13CD4 /* ArticleTableViewCell.xib */ = {isa = PBXFileReference; lastKnownFileType = file.xib; path = ArticleTableViewCell.xib; sourceTree = "<group>"; };
		DE695C80238F43B500A13CD4 /* MainCollectionViewCell.swift */ = {isa = PBXFileReference; lastKnownFileType = sourcecode.swift; path = MainCollectionViewCell.swift; sourceTree = "<group>"; };
		DE695C81238F43B500A13CD4 /* MainCollectionViewCell.xib */ = {isa = PBXFileReference; lastKnownFileType = file.xib; path = MainCollectionViewCell.xib; sourceTree = "<group>"; };
		DED6F1E2238D73FC00A0168E /* Base */ = {isa = PBXFileReference; lastKnownFileType = file.storyboard; name = Base; path = Base.lproj/GlobalTabBar.storyboard; sourceTree = "<group>"; };
		DED6F1E5238D743600A0168E /* Base */ = {isa = PBXFileReference; lastKnownFileType = file.storyboard; name = Base; path = Base.lproj/Article.storyboard; sourceTree = "<group>"; };
		DED6F1E8238D748500A0168E /* ArticleViewController.swift */ = {isa = PBXFileReference; lastKnownFileType = sourcecode.swift; path = ArticleViewController.swift; sourceTree = "<group>"; };
		DED6F1EE238D754F00A0168E /* Base */ = {isa = PBXFileReference; lastKnownFileType = file.storyboard; name = Base; path = Base.lproj/Detail.storyboard; sourceTree = "<group>"; };
		DED6F1F0238D756500A0168E /* DetailViewController.swift */ = {isa = PBXFileReference; lastKnownFileType = sourcecode.swift; path = DetailViewController.swift; sourceTree = "<group>"; };
		DED6F1F9238D7F7500A0168E /* NSObjectProtocolExtension.swift */ = {isa = PBXFileReference; lastKnownFileType = sourcecode.swift; path = NSObjectProtocolExtension.swift; sourceTree = "<group>"; };
		DED6F1FB238D7F9C00A0168E /* UIColorExtension.swift */ = {isa = PBXFileReference; lastKnownFileType = sourcecode.swift; path = UIColorExtension.swift; sourceTree = "<group>"; };
		DED6F1FD238D7FBA00A0168E /* UICollectionViewExtension.swift */ = {isa = PBXFileReference; lastKnownFileType = sourcecode.swift; path = UICollectionViewExtension.swift; sourceTree = "<group>"; };
		DED6F1FF238D7FED00A0168E /* UIViewControllerExtension.swift */ = {isa = PBXFileReference; lastKnownFileType = sourcecode.swift; path = UIViewControllerExtension.swift; sourceTree = "<group>"; };
		DED6F201238D803D00A0168E /* UITableViewExtension.swift */ = {isa = PBXFileReference; lastKnownFileType = sourcecode.swift; path = UITableViewExtension.swift; sourceTree = "<group>"; };
		DED6F203238D930C00A0168E /* StoryboardInstantiatable.swift */ = {isa = PBXFileReference; lastKnownFileType = sourcecode.swift; path = StoryboardInstantiatable.swift; sourceTree = "<group>"; };
/* End PBXFileReference section */

/* Begin PBXFrameworksBuildPhase section */
		DE623AA5238D6F3A0049BF21 /* Frameworks */ = {
			isa = PBXFrameworksBuildPhase;
			buildActionMask = 2147483647;
			files = (
				ECF8F271F27E54045E8F5E79 /* Pods_DiffableDataSourceExample.framework in Frameworks */,
			);
			runOnlyForDeploymentPostprocessing = 0;
		};
		DE623ABB238D6F3D0049BF21 /* Frameworks */ = {
			isa = PBXFrameworksBuildPhase;
			buildActionMask = 2147483647;
			files = (
			);
			runOnlyForDeploymentPostprocessing = 0;
		};
		DE623AC6238D6F3D0049BF21 /* Frameworks */ = {
			isa = PBXFrameworksBuildPhase;
			buildActionMask = 2147483647;
			files = (
			);
			runOnlyForDeploymentPostprocessing = 0;
		};
/* End PBXFrameworksBuildPhase section */

/* Begin PBXGroup section */
		811094DF9806B89339CD0BFE /* Pods */ = {
			isa = PBXGroup;
			children = (
				20565A5EF1E23290AF57AF1E /* Pods-DiffableDataSourceExample.debug.xcconfig */,
				5E0005A4CEE693C72FC25CB4 /* Pods-DiffableDataSourceExample.release.xcconfig */,
			);
			path = Pods;
			sourceTree = "<group>";
		};
		CA5455C8D72BDA4021EB0988 /* Frameworks */ = {
			isa = PBXGroup;
			children = (
				8CF5D73ABC19C2DD1A4AC817 /* Pods_DiffableDataSourceExample.framework */,
			);
			name = Frameworks;
			sourceTree = "<group>";
		};
		DE623A9F238D6F3A0049BF21 = {
			isa = PBXGroup;
			children = (
				DE623AAA238D6F3A0049BF21 /* DiffableDataSourceExample */,
				DE623AC1238D6F3D0049BF21 /* DiffableDataSourceExampleTests */,
				DE623ACC238D6F3D0049BF21 /* DiffableDataSourceExampleUITests */,
				DE623AA9238D6F3A0049BF21 /* Products */,
				811094DF9806B89339CD0BFE /* Pods */,
				CA5455C8D72BDA4021EB0988 /* Frameworks */,
			);
			sourceTree = "<group>";
		};
		DE623AA9238D6F3A0049BF21 /* Products */ = {
			isa = PBXGroup;
			children = (
				DE623AA8238D6F3A0049BF21 /* DiffableDataSourceExample.app */,
				DE623ABE238D6F3D0049BF21 /* DiffableDataSourceExampleTests.xctest */,
				DE623AC9238D6F3D0049BF21 /* DiffableDataSourceExampleUITests.xctest */,
			);
			name = Products;
			sourceTree = "<group>";
		};
		DE623AAA238D6F3A0049BF21 /* DiffableDataSourceExample */ = {
			isa = PBXGroup;
			children = (
				DE623AB9238D6F3D0049BF21 /* Info.plist */,
				DE623AAB238D6F3A0049BF21 /* AppDelegate.swift */,
				DE623AAD238D6F3A0049BF21 /* SceneDelegate.swift */,
				DE623AB4238D6F3D0049BF21 /* Assets.xcassets */,
				DED6F1F5238D75A500A0168E /* APIRequestManager */,
				DED6F1F6238D75BA00A0168E /* Enum */,
				DED6F1F3238D757D00A0168E /* Extension */,
				DED6F1F7238D764800A0168E /* JSONData */,
				DED6F1F8238D78CA00A0168E /* LaunchScreen */,
				DED6F1F4238D759E00A0168E /* Modules */,
				DED6F1E0238D716000A0168E /* Storyboards */,
				DED6F1F2238D756F00A0168E /* View */,
				DED6F1E7238D746100A0168E /* ViewController */,
				DED6F1EA238D74AE00A0168E /* ViewModel */,
			);
			path = DiffableDataSourceExample;
			sourceTree = "<group>";
		};
		DE623AC1238D6F3D0049BF21 /* DiffableDataSourceExampleTests */ = {
			isa = PBXGroup;
			children = (
				DE623AC2238D6F3D0049BF21 /* DiffableDataSourceExampleTests.swift */,
				DE623AC4238D6F3D0049BF21 /* Info.plist */,
			);
			path = DiffableDataSourceExampleTests;
			sourceTree = "<group>";
		};
		DE623ACC238D6F3D0049BF21 /* DiffableDataSourceExampleUITests */ = {
			isa = PBXGroup;
			children = (
				DE623ACD238D6F3D0049BF21 /* DiffableDataSourceExampleUITests.swift */,
				DE623ACF238D6F3D0049BF21 /* Info.plist */,
			);
			path = DiffableDataSourceExampleUITests;
			sourceTree = "<group>";
		};
		DE695C78238EB94000A13CD4 /* ArticleTableViewCell */ = {
			isa = PBXGroup;
			children = (
				DE695C7C238EEA5100A13CD4 /* ArticleTableViewCell.swift */,
				DE695C7D238EEA5100A13CD4 /* ArticleTableViewCell.xib */,
			);
			path = ArticleTableViewCell;
			sourceTree = "<group>";
		};
		DE695C79238EB95A00A13CD4 /* MainCollectionViewCell */ = {
			isa = PBXGroup;
			children = (
				DE695C80238F43B500A13CD4 /* MainCollectionViewCell.swift */,
				DE695C81238F43B500A13CD4 /* MainCollectionViewCell.xib */,
			);
			path = MainCollectionViewCell;
			sourceTree = "<group>";
		};
		DED6F1E0238D716000A0168E /* Storyboards */ = {
			isa = PBXGroup;
			children = (
				DE623AB1238D6F3A0049BF21 /* Main.storyboard */,
				DED6F1E1238D73FC00A0168E /* GlobalTabBar.storyboard */,
				DED6F1E4238D743600A0168E /* Article.storyboard */,
				DED6F1ED238D754F00A0168E /* Detail.storyboard */,
			);
			path = Storyboards;
			sourceTree = "<group>";
		};
		DED6F1E7238D746100A0168E /* ViewController */ = {
			isa = PBXGroup;
			children = (
				DED6F1E8238D748500A0168E /* ArticleViewController.swift */,
				DED6F1F0238D756500A0168E /* DetailViewController.swift */,
				DE623AAF238D6F3A0049BF21 /* MainViewController.swift */,
			);
			path = ViewController;
			sourceTree = "<group>";
		};
		DED6F1EA238D74AE00A0168E /* ViewModel */ = {
			isa = PBXGroup;
			children = (
			);
			path = ViewModel;
			sourceTree = "<group>";
		};
		DED6F1F2238D756F00A0168E /* View */ = {
			isa = PBXGroup;
			children = (
				DE695C79238EB95A00A13CD4 /* MainCollectionViewCell */,
				DE695C78238EB94000A13CD4 /* ArticleTableViewCell */,
			);
			path = View;
			sourceTree = "<group>";
		};
		DED6F1F3238D757D00A0168E /* Extension */ = {
			isa = PBXGroup;
			children = (
				DED6F1F9238D7F7500A0168E /* NSObjectProtocolExtension.swift */,
				DED6F203238D930C00A0168E /* StoryboardInstantiatable.swift */,
				DED6F1FD238D7FBA00A0168E /* UICollectionViewExtension.swift */,
				DED6F1FB238D7F9C00A0168E /* UIColorExtension.swift */,
				DED6F201238D803D00A0168E /* UITableViewExtension.swift */,
				DED6F1FF238D7FED00A0168E /* UIViewControllerExtension.swift */,
			);
			path = Extension;
			sourceTree = "<group>";
		};
		DED6F1F4238D759E00A0168E /* Modules */ = {
			isa = PBXGroup;
			children = (
			);
			path = Modules;
			sourceTree = "<group>";
		};
		DED6F1F5238D75A500A0168E /* APIRequestManager */ = {
			isa = PBXGroup;
			children = (
				DE695C7A238EC21E00A13CD4 /* APIRequestManager.swift */,
			);
			path = APIRequestManager;
			sourceTree = "<group>";
		};
		DED6F1F6238D75BA00A0168E /* Enum */ = {
			isa = PBXGroup;
			children = (
			);
			path = Enum;
			sourceTree = "<group>";
		};
		DED6F1F7238D764800A0168E /* JSONData */ = {
			isa = PBXGroup;
			children = (
			);
			path = JSONData;
			sourceTree = "<group>";
		};
		DED6F1F8238D78CA00A0168E /* LaunchScreen */ = {
			isa = PBXGroup;
			children = (
				DE623AB6238D6F3D0049BF21 /* LaunchScreen.storyboard */,
			);
			path = LaunchScreen;
			sourceTree = "<group>";
		};
/* End PBXGroup section */

/* Begin PBXNativeTarget section */
		DE623AA7238D6F3A0049BF21 /* DiffableDataSourceExample */ = {
			isa = PBXNativeTarget;
			buildConfigurationList = DE623AD2238D6F3D0049BF21 /* Build configuration list for PBXNativeTarget "DiffableDataSourceExample" */;
			buildPhases = (
				8C97A1B0F15E62B1A2425431 /* [CP] Check Pods Manifest.lock */,
				DE623AA4238D6F3A0049BF21 /* Sources */,
				DE623AA5238D6F3A0049BF21 /* Frameworks */,
				DE623AA6238D6F3A0049BF21 /* Resources */,
				D376EDBE6EEF2F858DBD59B0 /* [CP] Embed Pods Frameworks */,
			);
			buildRules = (
			);
			dependencies = (
			);
			name = DiffableDataSourceExample;
			productName = DiffableDataSourceExample;
			productReference = DE623AA8238D6F3A0049BF21 /* DiffableDataSourceExample.app */;
			productType = "com.apple.product-type.application";
		};
		DE623ABD238D6F3D0049BF21 /* DiffableDataSourceExampleTests */ = {
			isa = PBXNativeTarget;
			buildConfigurationList = DE623AD5238D6F3D0049BF21 /* Build configuration list for PBXNativeTarget "DiffableDataSourceExampleTests" */;
			buildPhases = (
				DE623ABA238D6F3D0049BF21 /* Sources */,
				DE623ABB238D6F3D0049BF21 /* Frameworks */,
				DE623ABC238D6F3D0049BF21 /* Resources */,
			);
			buildRules = (
			);
			dependencies = (
				DE623AC0238D6F3D0049BF21 /* PBXTargetDependency */,
			);
			name = DiffableDataSourceExampleTests;
			productName = DiffableDataSourceExampleTests;
			productReference = DE623ABE238D6F3D0049BF21 /* DiffableDataSourceExampleTests.xctest */;
			productType = "com.apple.product-type.bundle.unit-test";
		};
		DE623AC8238D6F3D0049BF21 /* DiffableDataSourceExampleUITests */ = {
			isa = PBXNativeTarget;
			buildConfigurationList = DE623AD8238D6F3D0049BF21 /* Build configuration list for PBXNativeTarget "DiffableDataSourceExampleUITests" */;
			buildPhases = (
				DE623AC5238D6F3D0049BF21 /* Sources */,
				DE623AC6238D6F3D0049BF21 /* Frameworks */,
				DE623AC7238D6F3D0049BF21 /* Resources */,
			);
			buildRules = (
			);
			dependencies = (
				DE623ACB238D6F3D0049BF21 /* PBXTargetDependency */,
			);
			name = DiffableDataSourceExampleUITests;
			productName = DiffableDataSourceExampleUITests;
			productReference = DE623AC9238D6F3D0049BF21 /* DiffableDataSourceExampleUITests.xctest */;
			productType = "com.apple.product-type.bundle.ui-testing";
		};
/* End PBXNativeTarget section */

/* Begin PBXProject section */
		DE623AA0238D6F3A0049BF21 /* Project object */ = {
			isa = PBXProject;
			attributes = {
				LastSwiftUpdateCheck = 1110;
				LastUpgradeCheck = 1110;
				ORGANIZATIONNAME = "酒井文也";
				TargetAttributes = {
					DE623AA7238D6F3A0049BF21 = {
						CreatedOnToolsVersion = 11.1;
					};
					DE623ABD238D6F3D0049BF21 = {
						CreatedOnToolsVersion = 11.1;
						TestTargetID = DE623AA7238D6F3A0049BF21;
					};
					DE623AC8238D6F3D0049BF21 = {
						CreatedOnToolsVersion = 11.1;
						TestTargetID = DE623AA7238D6F3A0049BF21;
					};
				};
			};
			buildConfigurationList = DE623AA3238D6F3A0049BF21 /* Build configuration list for PBXProject "DiffableDataSourceExample" */;
			compatibilityVersion = "Xcode 9.3";
			developmentRegion = en;
			hasScannedForEncodings = 0;
			knownRegions = (
				en,
				Base,
			);
			mainGroup = DE623A9F238D6F3A0049BF21;
			productRefGroup = DE623AA9238D6F3A0049BF21 /* Products */;
			projectDirPath = "";
			projectRoot = "";
			targets = (
				DE623AA7238D6F3A0049BF21 /* DiffableDataSourceExample */,
				DE623ABD238D6F3D0049BF21 /* DiffableDataSourceExampleTests */,
				DE623AC8238D6F3D0049BF21 /* DiffableDataSourceExampleUITests */,
			);
		};
/* End PBXProject section */

/* Begin PBXResourcesBuildPhase section */
		DE623AA6238D6F3A0049BF21 /* Resources */ = {
			isa = PBXResourcesBuildPhase;
			buildActionMask = 2147483647;
			files = (
				DE623AB8238D6F3D0049BF21 /* LaunchScreen.storyboard in Resources */,
				DE623AB5238D6F3D0049BF21 /* Assets.xcassets in Resources */,
				DE623AB3238D6F3A0049BF21 /* Main.storyboard in Resources */,
				DED6F1E6238D743600A0168E /* Article.storyboard in Resources */,
				DE695C7F238EEA5100A13CD4 /* ArticleTableViewCell.xib in Resources */,
				DED6F1E3238D73FC00A0168E /* GlobalTabBar.storyboard in Resources */,
				DED6F1EF238D754F00A0168E /* Detail.storyboard in Resources */,
				DE695C83238F43B500A13CD4 /* MainCollectionViewCell.xib in Resources */,
			);
			runOnlyForDeploymentPostprocessing = 0;
		};
		DE623ABC238D6F3D0049BF21 /* Resources */ = {
			isa = PBXResourcesBuildPhase;
			buildActionMask = 2147483647;
			files = (
			);
			runOnlyForDeploymentPostprocessing = 0;
		};
		DE623AC7238D6F3D0049BF21 /* Resources */ = {
			isa = PBXResourcesBuildPhase;
			buildActionMask = 2147483647;
			files = (
			);
			runOnlyForDeploymentPostprocessing = 0;
		};
/* End PBXResourcesBuildPhase section */

/* Begin PBXShellScriptBuildPhase section */
		8C97A1B0F15E62B1A2425431 /* [CP] Check Pods Manifest.lock */ = {
			isa = PBXShellScriptBuildPhase;
			buildActionMask = 2147483647;
			files = (
			);
			inputFileListPaths = (
			);
			inputPaths = (
				"${PODS_PODFILE_DIR_PATH}/Podfile.lock",
				"${PODS_ROOT}/Manifest.lock",
			);
			name = "[CP] Check Pods Manifest.lock";
			outputFileListPaths = (
			);
			outputPaths = (
				"$(DERIVED_FILE_DIR)/Pods-DiffableDataSourceExample-checkManifestLockResult.txt",
			);
			runOnlyForDeploymentPostprocessing = 0;
			shellPath = /bin/sh;
			shellScript = "diff \"${PODS_PODFILE_DIR_PATH}/Podfile.lock\" \"${PODS_ROOT}/Manifest.lock\" > /dev/null\nif [ $? != 0 ] ; then\n    # print error to STDERR\n    echo \"error: The sandbox is not in sync with the Podfile.lock. Run 'pod install' or update your CocoaPods installation.\" >&2\n    exit 1\nfi\n# This output is used by Xcode 'outputs' to avoid re-running this script phase.\necho \"SUCCESS\" > \"${SCRIPT_OUTPUT_FILE_0}\"\n";
			showEnvVarsInLog = 0;
		};
		D376EDBE6EEF2F858DBD59B0 /* [CP] Embed Pods Frameworks */ = {
			isa = PBXShellScriptBuildPhase;
			buildActionMask = 2147483647;
			files = (
			);
			inputFileListPaths = (
				"${PODS_ROOT}/Target Support Files/Pods-DiffableDataSourceExample/Pods-DiffableDataSourceExample-frameworks-${CONFIGURATION}-input-files.xcfilelist",
			);
			name = "[CP] Embed Pods Frameworks";
			outputFileListPaths = (
				"${PODS_ROOT}/Target Support Files/Pods-DiffableDataSourceExample/Pods-DiffableDataSourceExample-frameworks-${CONFIGURATION}-output-files.xcfilelist",
			);
			runOnlyForDeploymentPostprocessing = 0;
			shellPath = /bin/sh;
			shellScript = "\"${PODS_ROOT}/Target Support Files/Pods-DiffableDataSourceExample/Pods-DiffableDataSourceExample-frameworks.sh\"\n";
			showEnvVarsInLog = 0;
		};
/* End PBXShellScriptBuildPhase section */

/* Begin PBXSourcesBuildPhase section */
		DE623AA4238D6F3A0049BF21 /* Sources */ = {
			isa = PBXSourcesBuildPhase;
			buildActionMask = 2147483647;
			files = (
				DE695C7B238EC21E00A13CD4 /* APIRequestManager.swift in Sources */,
				DE695C7E238EEA5100A13CD4 /* ArticleTableViewCell.swift in Sources */,
				DE623AB0238D6F3A0049BF21 /* MainViewController.swift in Sources */,
				DED6F1FA238D7F7500A0168E /* NSObjectProtocolExtension.swift in Sources */,
				DED6F200238D7FED00A0168E /* UIViewControllerExtension.swift in Sources */,
				DED6F1FC238D7F9C00A0168E /* UIColorExtension.swift in Sources */,
				DED6F202238D803D00A0168E /* UITableViewExtension.swift in Sources */,
				DE695C82238F43B500A13CD4 /* MainCollectionViewCell.swift in Sources */,
				DED6F1FE238D7FBA00A0168E /* UICollectionViewExtension.swift in Sources */,
				DED6F1E9238D748500A0168E /* ArticleViewController.swift in Sources */,
				DED6F1F1238D756500A0168E /* DetailViewController.swift in Sources */,
				DED6F204238D930C00A0168E /* StoryboardInstantiatable.swift in Sources */,
				DE623AAC238D6F3A0049BF21 /* AppDelegate.swift in Sources */,
				DE623AAE238D6F3A0049BF21 /* SceneDelegate.swift in Sources */,
			);
			runOnlyForDeploymentPostprocessing = 0;
		};
		DE623ABA238D6F3D0049BF21 /* Sources */ = {
			isa = PBXSourcesBuildPhase;
			buildActionMask = 2147483647;
			files = (
				DE623AC3238D6F3D0049BF21 /* DiffableDataSourceExampleTests.swift in Sources */,
			);
			runOnlyForDeploymentPostprocessing = 0;
		};
		DE623AC5238D6F3D0049BF21 /* Sources */ = {
			isa = PBXSourcesBuildPhase;
			buildActionMask = 2147483647;
			files = (
				DE623ACE238D6F3D0049BF21 /* DiffableDataSourceExampleUITests.swift in Sources */,
			);
			runOnlyForDeploymentPostprocessing = 0;
		};
/* End PBXSourcesBuildPhase section */

/* Begin PBXTargetDependency section */
		DE623AC0238D6F3D0049BF21 /* PBXTargetDependency */ = {
			isa = PBXTargetDependency;
			target = DE623AA7238D6F3A0049BF21 /* DiffableDataSourceExample */;
			targetProxy = DE623ABF238D6F3D0049BF21 /* PBXContainerItemProxy */;
		};
		DE623ACB238D6F3D0049BF21 /* PBXTargetDependency */ = {
			isa = PBXTargetDependency;
			target = DE623AA7238D6F3A0049BF21 /* DiffableDataSourceExample */;
			targetProxy = DE623ACA238D6F3D0049BF21 /* PBXContainerItemProxy */;
		};
/* End PBXTargetDependency section */

/* Begin PBXVariantGroup section */
		DE623AB1238D6F3A0049BF21 /* Main.storyboard */ = {
			isa = PBXVariantGroup;
			children = (
				DE623AB2238D6F3A0049BF21 /* Base */,
			);
			name = Main.storyboard;
			sourceTree = "<group>";
		};
		DE623AB6238D6F3D0049BF21 /* LaunchScreen.storyboard */ = {
			isa = PBXVariantGroup;
			children = (
				DE623AB7238D6F3D0049BF21 /* Base */,
			);
			name = LaunchScreen.storyboard;
			sourceTree = "<group>";
		};
		DED6F1E1238D73FC00A0168E /* GlobalTabBar.storyboard */ = {
			isa = PBXVariantGroup;
			children = (
				DED6F1E2238D73FC00A0168E /* Base */,
			);
			name = GlobalTabBar.storyboard;
			sourceTree = "<group>";
		};
		DED6F1E4238D743600A0168E /* Article.storyboard */ = {
			isa = PBXVariantGroup;
			children = (
				DED6F1E5238D743600A0168E /* Base */,
			);
			name = Article.storyboard;
			sourceTree = "<group>";
		};
		DED6F1ED238D754F00A0168E /* Detail.storyboard */ = {
			isa = PBXVariantGroup;
			children = (
				DED6F1EE238D754F00A0168E /* Base */,
			);
			name = Detail.storyboard;
			sourceTree = "<group>";
		};
/* End PBXVariantGroup section */

/* Begin XCBuildConfiguration section */
		DE623AD0238D6F3D0049BF21 /* Debug */ = {
			isa = XCBuildConfiguration;
			buildSettings = {
				ALWAYS_SEARCH_USER_PATHS = NO;
				CLANG_ANALYZER_NONNULL = YES;
				CLANG_ANALYZER_NUMBER_OBJECT_CONVERSION = YES_AGGRESSIVE;
				CLANG_CXX_LANGUAGE_STANDARD = "gnu++14";
				CLANG_CXX_LIBRARY = "libc++";
				CLANG_ENABLE_MODULES = YES;
				CLANG_ENABLE_OBJC_ARC = YES;
				CLANG_ENABLE_OBJC_WEAK = YES;
				CLANG_WARN_BLOCK_CAPTURE_AUTORELEASING = YES;
				CLANG_WARN_BOOL_CONVERSION = YES;
				CLANG_WARN_COMMA = YES;
				CLANG_WARN_CONSTANT_CONVERSION = YES;
				CLANG_WARN_DEPRECATED_OBJC_IMPLEMENTATIONS = YES;
				CLANG_WARN_DIRECT_OBJC_ISA_USAGE = YES_ERROR;
				CLANG_WARN_DOCUMENTATION_COMMENTS = YES;
				CLANG_WARN_EMPTY_BODY = YES;
				CLANG_WARN_ENUM_CONVERSION = YES;
				CLANG_WARN_INFINITE_RECURSION = YES;
				CLANG_WARN_INT_CONVERSION = YES;
				CLANG_WARN_NON_LITERAL_NULL_CONVERSION = YES;
				CLANG_WARN_OBJC_IMPLICIT_RETAIN_SELF = YES;
				CLANG_WARN_OBJC_LITERAL_CONVERSION = YES;
				CLANG_WARN_OBJC_ROOT_CLASS = YES_ERROR;
				CLANG_WARN_RANGE_LOOP_ANALYSIS = YES;
				CLANG_WARN_STRICT_PROTOTYPES = YES;
				CLANG_WARN_SUSPICIOUS_MOVE = YES;
				CLANG_WARN_UNGUARDED_AVAILABILITY = YES_AGGRESSIVE;
				CLANG_WARN_UNREACHABLE_CODE = YES;
				CLANG_WARN__DUPLICATE_METHOD_MATCH = YES;
				COPY_PHASE_STRIP = NO;
				DEBUG_INFORMATION_FORMAT = dwarf;
				ENABLE_STRICT_OBJC_MSGSEND = YES;
				ENABLE_TESTABILITY = YES;
				GCC_C_LANGUAGE_STANDARD = gnu11;
				GCC_DYNAMIC_NO_PIC = NO;
				GCC_NO_COMMON_BLOCKS = YES;
				GCC_OPTIMIZATION_LEVEL = 0;
				GCC_PREPROCESSOR_DEFINITIONS = (
					"DEBUG=1",
					"$(inherited)",
				);
				GCC_WARN_64_TO_32_BIT_CONVERSION = YES;
				GCC_WARN_ABOUT_RETURN_TYPE = YES_ERROR;
				GCC_WARN_UNDECLARED_SELECTOR = YES;
				GCC_WARN_UNINITIALIZED_AUTOS = YES_AGGRESSIVE;
				GCC_WARN_UNUSED_FUNCTION = YES;
				GCC_WARN_UNUSED_VARIABLE = YES;
				IPHONEOS_DEPLOYMENT_TARGET = 13.1;
				MTL_ENABLE_DEBUG_INFO = INCLUDE_SOURCE;
				MTL_FAST_MATH = YES;
				ONLY_ACTIVE_ARCH = YES;
				SDKROOT = iphoneos;
				SWIFT_ACTIVE_COMPILATION_CONDITIONS = DEBUG;
				SWIFT_OPTIMIZATION_LEVEL = "-Onone";
			};
			name = Debug;
		};
		DE623AD1238D6F3D0049BF21 /* Release */ = {
			isa = XCBuildConfiguration;
			buildSettings = {
				ALWAYS_SEARCH_USER_PATHS = NO;
				CLANG_ANALYZER_NONNULL = YES;
				CLANG_ANALYZER_NUMBER_OBJECT_CONVERSION = YES_AGGRESSIVE;
				CLANG_CXX_LANGUAGE_STANDARD = "gnu++14";
				CLANG_CXX_LIBRARY = "libc++";
				CLANG_ENABLE_MODULES = YES;
				CLANG_ENABLE_OBJC_ARC = YES;
				CLANG_ENABLE_OBJC_WEAK = YES;
				CLANG_WARN_BLOCK_CAPTURE_AUTORELEASING = YES;
				CLANG_WARN_BOOL_CONVERSION = YES;
				CLANG_WARN_COMMA = YES;
				CLANG_WARN_CONSTANT_CONVERSION = YES;
				CLANG_WARN_DEPRECATED_OBJC_IMPLEMENTATIONS = YES;
				CLANG_WARN_DIRECT_OBJC_ISA_USAGE = YES_ERROR;
				CLANG_WARN_DOCUMENTATION_COMMENTS = YES;
				CLANG_WARN_EMPTY_BODY = YES;
				CLANG_WARN_ENUM_CONVERSION = YES;
				CLANG_WARN_INFINITE_RECURSION = YES;
				CLANG_WARN_INT_CONVERSION = YES;
				CLANG_WARN_NON_LITERAL_NULL_CONVERSION = YES;
				CLANG_WARN_OBJC_IMPLICIT_RETAIN_SELF = YES;
				CLANG_WARN_OBJC_LITERAL_CONVERSION = YES;
				CLANG_WARN_OBJC_ROOT_CLASS = YES_ERROR;
				CLANG_WARN_RANGE_LOOP_ANALYSIS = YES;
				CLANG_WARN_STRICT_PROTOTYPES = YES;
				CLANG_WARN_SUSPICIOUS_MOVE = YES;
				CLANG_WARN_UNGUARDED_AVAILABILITY = YES_AGGRESSIVE;
				CLANG_WARN_UNREACHABLE_CODE = YES;
				CLANG_WARN__DUPLICATE_METHOD_MATCH = YES;
				COPY_PHASE_STRIP = NO;
				DEBUG_INFORMATION_FORMAT = "dwarf-with-dsym";
				ENABLE_NS_ASSERTIONS = NO;
				ENABLE_STRICT_OBJC_MSGSEND = YES;
				GCC_C_LANGUAGE_STANDARD = gnu11;
				GCC_NO_COMMON_BLOCKS = YES;
				GCC_WARN_64_TO_32_BIT_CONVERSION = YES;
				GCC_WARN_ABOUT_RETURN_TYPE = YES_ERROR;
				GCC_WARN_UNDECLARED_SELECTOR = YES;
				GCC_WARN_UNINITIALIZED_AUTOS = YES_AGGRESSIVE;
				GCC_WARN_UNUSED_FUNCTION = YES;
				GCC_WARN_UNUSED_VARIABLE = YES;
				IPHONEOS_DEPLOYMENT_TARGET = 13.1;
				MTL_ENABLE_DEBUG_INFO = NO;
				MTL_FAST_MATH = YES;
				SDKROOT = iphoneos;
				SWIFT_COMPILATION_MODE = wholemodule;
				SWIFT_OPTIMIZATION_LEVEL = "-O";
				VALIDATE_PRODUCT = YES;
			};
			name = Release;
		};
		DE623AD3238D6F3D0049BF21 /* Debug */ = {
			isa = XCBuildConfiguration;
			baseConfigurationReference = 20565A5EF1E23290AF57AF1E /* Pods-DiffableDataSourceExample.debug.xcconfig */;
			buildSettings = {
				ASSETCATALOG_COMPILER_APPICON_NAME = AppIcon;
				CODE_SIGN_STYLE = Automatic;
				DEVELOPMENT_TEAM = S5BF5553KY;
				INFOPLIST_FILE = DiffableDataSourceExample/Info.plist;
				LD_RUNPATH_SEARCH_PATHS = (
					"$(inherited)",
					"@executable_path/Frameworks",
				);
				PRODUCT_BUNDLE_IDENTIFIER = com.just1factory.DiffableDataSourceExample;
				PRODUCT_NAME = "$(TARGET_NAME)";
				SWIFT_VERSION = 5.0;
				TARGETED_DEVICE_FAMILY = "1,2";
			};
			name = Debug;
		};
		DE623AD4238D6F3D0049BF21 /* Release */ = {
			isa = XCBuildConfiguration;
			baseConfigurationReference = 5E0005A4CEE693C72FC25CB4 /* Pods-DiffableDataSourceExample.release.xcconfig */;
			buildSettings = {
				ASSETCATALOG_COMPILER_APPICON_NAME = AppIcon;
				CODE_SIGN_STYLE = Automatic;
				DEVELOPMENT_TEAM = S5BF5553KY;
				INFOPLIST_FILE = DiffableDataSourceExample/Info.plist;
				LD_RUNPATH_SEARCH_PATHS = (
					"$(inherited)",
					"@executable_path/Frameworks",
				);
				PRODUCT_BUNDLE_IDENTIFIER = com.just1factory.DiffableDataSourceExample;
				PRODUCT_NAME = "$(TARGET_NAME)";
				SWIFT_VERSION = 5.0;
				TARGETED_DEVICE_FAMILY = "1,2";
			};
			name = Release;
		};
		DE623AD6238D6F3D0049BF21 /* Debug */ = {
			isa = XCBuildConfiguration;
			buildSettings = {
				ALWAYS_EMBED_SWIFT_STANDARD_LIBRARIES = YES;
				BUNDLE_LOADER = "$(TEST_HOST)";
				CODE_SIGN_STYLE = Automatic;
				DEVELOPMENT_TEAM = S5BF5553KY;
				INFOPLIST_FILE = DiffableDataSourceExampleTests/Info.plist;
				IPHONEOS_DEPLOYMENT_TARGET = 13.1;
				LD_RUNPATH_SEARCH_PATHS = (
					"$(inherited)",
					"@executable_path/Frameworks",
					"@loader_path/Frameworks",
				);
				PRODUCT_BUNDLE_IDENTIFIER = com.just1factory.DiffableDataSourceExampleTests;
				PRODUCT_NAME = "$(TARGET_NAME)";
				SWIFT_VERSION = 5.0;
				TARGETED_DEVICE_FAMILY = "1,2";
				TEST_HOST = "$(BUILT_PRODUCTS_DIR)/DiffableDataSourceExample.app/DiffableDataSourceExample";
			};
			name = Debug;
		};
		DE623AD7238D6F3D0049BF21 /* Release */ = {
			isa = XCBuildConfiguration;
			buildSettings = {
				ALWAYS_EMBED_SWIFT_STANDARD_LIBRARIES = YES;
				BUNDLE_LOADER = "$(TEST_HOST)";
				CODE_SIGN_STYLE = Automatic;
				DEVELOPMENT_TEAM = S5BF5553KY;
				INFOPLIST_FILE = DiffableDataSourceExampleTests/Info.plist;
				IPHONEOS_DEPLOYMENT_TARGET = 13.1;
				LD_RUNPATH_SEARCH_PATHS = (
					"$(inherited)",
					"@executable_path/Frameworks",
					"@loader_path/Frameworks",
				);
				PRODUCT_BUNDLE_IDENTIFIER = com.just1factory.DiffableDataSourceExampleTests;
				PRODUCT_NAME = "$(TARGET_NAME)";
				SWIFT_VERSION = 5.0;
				TARGETED_DEVICE_FAMILY = "1,2";
				TEST_HOST = "$(BUILT_PRODUCTS_DIR)/DiffableDataSourceExample.app/DiffableDataSourceExample";
			};
			name = Release;
		};
		DE623AD9238D6F3D0049BF21 /* Debug */ = {
			isa = XCBuildConfiguration;
			buildSettings = {
				ALWAYS_EMBED_SWIFT_STANDARD_LIBRARIES = YES;
				CODE_SIGN_STYLE = Automatic;
				DEVELOPMENT_TEAM = S5BF5553KY;
				INFOPLIST_FILE = DiffableDataSourceExampleUITests/Info.plist;
				LD_RUNPATH_SEARCH_PATHS = (
					"$(inherited)",
					"@executable_path/Frameworks",
					"@loader_path/Frameworks",
				);
				PRODUCT_BUNDLE_IDENTIFIER = com.just1factory.DiffableDataSourceExampleUITests;
				PRODUCT_NAME = "$(TARGET_NAME)";
				SWIFT_VERSION = 5.0;
				TARGETED_DEVICE_FAMILY = "1,2";
				TEST_TARGET_NAME = DiffableDataSourceExample;
			};
			name = Debug;
		};
		DE623ADA238D6F3D0049BF21 /* Release */ = {
			isa = XCBuildConfiguration;
			buildSettings = {
				ALWAYS_EMBED_SWIFT_STANDARD_LIBRARIES = YES;
				CODE_SIGN_STYLE = Automatic;
				DEVELOPMENT_TEAM = S5BF5553KY;
				INFOPLIST_FILE = DiffableDataSourceExampleUITests/Info.plist;
				LD_RUNPATH_SEARCH_PATHS = (
					"$(inherited)",
					"@executable_path/Frameworks",
					"@loader_path/Frameworks",
				);
				PRODUCT_BUNDLE_IDENTIFIER = com.just1factory.DiffableDataSourceExampleUITests;
				PRODUCT_NAME = "$(TARGET_NAME)";
				SWIFT_VERSION = 5.0;
				TARGETED_DEVICE_FAMILY = "1,2";
				TEST_TARGET_NAME = DiffableDataSourceExample;
			};
			name = Release;
		};
/* End XCBuildConfiguration section */

/* Begin XCConfigurationList section */
		DE623AA3238D6F3A0049BF21 /* Build configuration list for PBXProject "DiffableDataSourceExample" */ = {
			isa = XCConfigurationList;
			buildConfigurations = (
				DE623AD0238D6F3D0049BF21 /* Debug */,
				DE623AD1238D6F3D0049BF21 /* Release */,
			);
			defaultConfigurationIsVisible = 0;
			defaultConfigurationName = Release;
		};
		DE623AD2238D6F3D0049BF21 /* Build configuration list for PBXNativeTarget "DiffableDataSourceExample" */ = {
			isa = XCConfigurationList;
			buildConfigurations = (
				DE623AD3238D6F3D0049BF21 /* Debug */,
				DE623AD4238D6F3D0049BF21 /* Release */,
			);
			defaultConfigurationIsVisible = 0;
			defaultConfigurationName = Release;
		};
		DE623AD5238D6F3D0049BF21 /* Build configuration list for PBXNativeTarget "DiffableDataSourceExampleTests" */ = {
			isa = XCConfigurationList;
			buildConfigurations = (
				DE623AD6238D6F3D0049BF21 /* Debug */,
				DE623AD7238D6F3D0049BF21 /* Release */,
			);
			defaultConfigurationIsVisible = 0;
			defaultConfigurationName = Release;
		};
		DE623AD8238D6F3D0049BF21 /* Build configuration list for PBXNativeTarget "DiffableDataSourceExampleUITests" */ = {
			isa = XCConfigurationList;
			buildConfigurations = (
				DE623AD9238D6F3D0049BF21 /* Debug */,
				DE623ADA238D6F3D0049BF21 /* Release */,
			);
			defaultConfigurationIsVisible = 0;
			defaultConfigurationName = Release;
		};
/* End XCConfigurationList section */
	};
	rootObject = DE623AA0238D6F3A0049BF21 /* Project object */;
}
